
Microsoft Visual Studio Solution File, Format Version 12.00
# Visual Studio Version 17
VisualStudioVersion = 17.13.35825.156 d17.13
MinimumVisualStudioVersion = 10.0.40219.1
Project("{FAE04EC0-301F-11D3-BF4B-00C04F79EFBC}") = "LocalPasswordGenerator", "LocalPasswordGenerator\LocalPasswordGenerator.csproj", "{44BF7425-F6FD-438D-9E87-CFD5FA5AB4B6}"
EndProject
Global
	GlobalSection(SolutionConfigurationPlatforms) = preSolution
		Debug|Any CPU = Debug|Any CPU
		Release|Any CPU = Release|Any CPU
	EndGlobalSection
	GlobalSection(ProjectConfigurationPlatforms) = postSolution
		{44BF7425-F6FD-438D-9E87-CFD5FA5AB4B6}.Debug|Any CPU.ActiveCfg = Debug|Any CPU
		{44BF7425-F6FD-438D-9E87-CFD5FA5AB4B6}.Debug|Any CPU.Build.0 = Debug|Any CPU
		{44BF7425-F6FD-438D-9E87-CFD5FA5AB4B6}.Release|Any CPU.ActiveCfg = Release|Any CPU
		{44BF7425-F6FD-438D-9E87-CFD5FA5AB4B6}.Release|Any CPU.Build.0 = Release|Any CPU
	EndGlobalSection
	GlobalSection(SolutionProperties) = preSolution
		HideSolutionNode = FALSE
	EndGlobalSection
	GlobalSection(ExtensibilityGlobals) = postSolution
		SolutionGuid = {0772DE1E-4346-4ADF-A3E4-788C353B8E82}
	EndGlobalSection
EndGlobal
